
Microsoft Visual Studio Solution File, Format Version 12.00
# Visual Studio Version 17
VisualStudioVersion = 17.6.33723.286
MinimumVisualStudioVersion = 10.0.40219.1
Project("{9A19103F-16F7-4668-BE54-9A1E7A4F7556}") = "JSON_to_XML", "JSON_to_XML\JSON_to_XML.csproj", "{847612CE-B9C8-46FA-BD5C-2BBE7F8C80AF}"
EndProject
Project("{FAE04EC0-301F-11D3-BF4B-00C04F79EFBC}") = "XmlToJsonConverter", "XmlToJsonConverter\XmlToJsonConverter.csproj", "{D8F5D805-6019-4672-8868-772F3713A5EA}"
EndProject
Project("{FAE04EC0-301F-11D3-BF4B-00C04F79EFBC}") = "JsonToXmlTests", "JsonToXml.Tests\JsonToXmlTests.csproj", "{01D0C044-5EEE-4A84-8BE5-B191AE47FF45}"
EndProject
Global
	GlobalSection(SolutionConfigurationPlatforms) = preSolution
		Debug|Any CPU = Debug|Any CPU
		Release|Any CPU = Release|Any CPU
	EndGlobalSection
	GlobalSection(ProjectConfigurationPlatforms) = postSolution
		{847612CE-B9C8-46FA-BD5C-2BBE7F8C80AF}.Debug|Any CPU.ActiveCfg = Debug|Any CPU
		{847612CE-B9C8-46FA-BD5C-2BBE7F8C80AF}.Debug|Any CPU.Build.0 = Debug|Any CPU
		{847612CE-B9C8-46FA-BD5C-2BBE7F8C80AF}.Release|Any CPU.ActiveCfg = Release|Any CPU
		{847612CE-B9C8-46FA-BD5C-2BBE7F8C80AF}.Release|Any CPU.Build.0 = Release|Any CPU
		{D8F5D805-6019-4672-8868-772F3713A5EA}.Debug|Any CPU.ActiveCfg = Debug|Any CPU
		{D8F5D805-6019-4672-8868-772F3713A5EA}.Debug|Any CPU.Build.0 = Debug|Any CPU
		{D8F5D805-6019-4672-8868-772F3713A5EA}.Release|Any CPU.ActiveCfg = Release|Any CPU
		{D8F5D805-6019-4672-8868-772F3713A5EA}.Release|Any CPU.Build.0 = Release|Any CPU
		{01D0C044-5EEE-4A84-8BE5-B191AE47FF45}.Debug|Any CPU.ActiveCfg = Debug|Any CPU
		{01D0C044-5EEE-4A84-8BE5-B191AE47FF45}.Debug|Any CPU.Build.0 = Debug|Any CPU
		{01D0C044-5EEE-4A84-8BE5-B191AE47FF45}.Release|Any CPU.ActiveCfg = Release|Any CPU
		{01D0C044-5EEE-4A84-8BE5-B191AE47FF45}.Release|Any CPU.Build.0 = Release|Any CPU
	EndGlobalSection
	GlobalSection(SolutionProperties) = preSolution
		HideSolutionNode = FALSE
	EndGlobalSection
	GlobalSection(ExtensibilityGlobals) = postSolution
		SolutionGuid = {89DD48D1-0382-4652-9E3F-1F29FA6BD362}
	EndGlobalSection
EndGlobal
